
Microsoft Visual Studio Solution File, Format Version 12.00
# Visual Studio Version 16
VisualStudioVersion = 16.0.30804.86
MinimumVisualStudioVersion = 10.0.40219.1
Project("{9A19103F-16F7-4668-BE54-9A1E7A4F7556}") = "LDXPS.Api", "src\LDXPS.Api\LDXPS.Api.csproj", "{6302C1B5-1F7A-4B50-ACCB-9C0F289B3FE6}"
EndProject
Project("{9A19103F-16F7-4668-BE54-9A1E7A4F7556}") = "LDXPS.Domain", "src\LDXPS.Domain\LDXPS.Domain.csproj", "{57290AAF-74EA-478F-A822-5FFFA04C1F40}"
EndProject
Project("{9A19103F-16F7-4668-BE54-9A1E7A4F7556}") = "LDXPS.Data", "src\LDXPS.Data\LDXPS.Data.csproj", "{B7E8643A-FEE6-4C07-BCD2-FC61276F6546}"
EndProject
Project("{FAE04EC0-301F-11D3-BF4B-00C04F79EFBC}") = "LDXPS.Domain.Tests", "test\LDXPS.Domain.Tests\LDXPS.Domain.Tests.csproj", "{9838FAD2-7C01-4BE4-AE4F-6F03810FB55F}"
EndProject
Project("{FAE04EC0-301F-11D3-BF4B-00C04F79EFBC}") = "LDXPS.Api.Tests", "test\LDXPS.Api.Tests\LDXPS.Api.Tests.csproj", "{B3E56175-DC68-407E-9576-C09E42C0C983}"
EndProject
Global
	GlobalSection(SolutionConfigurationPlatforms) = preSolution
		Debug|Any CPU = Debug|Any CPU
		Release|Any CPU = Release|Any CPU
	EndGlobalSection
	GlobalSection(ProjectConfigurationPlatforms) = postSolution
		{6302C1B5-1F7A-4B50-ACCB-9C0F289B3FE6}.Debug|Any CPU.ActiveCfg = Debug|Any CPU
		{6302C1B5-1F7A-4B50-ACCB-9C0F289B3FE6}.Debug|Any CPU.Build.0 = Debug|Any CPU
		{6302C1B5-1F7A-4B50-ACCB-9C0F289B3FE6}.Release|Any CPU.ActiveCfg = Release|Any CPU
		{6302C1B5-1F7A-4B50-ACCB-9C0F289B3FE6}.Release|Any CPU.Build.0 = Release|Any CPU
		{57290AAF-74EA-478F-A822-5FFFA04C1F40}.Debug|Any CPU.ActiveCfg = Debug|Any CPU
		{57290AAF-74EA-478F-A822-5FFFA04C1F40}.Debug|Any CPU.Build.0 = Debug|Any CPU
		{57290AAF-74EA-478F-A822-5FFFA04C1F40}.Release|Any CPU.ActiveCfg = Release|Any CPU
		{57290AAF-74EA-478F-A822-5FFFA04C1F40}.Release|Any CPU.Build.0 = Release|Any CPU
		{B7E8643A-FEE6-4C07-BCD2-FC61276F6546}.Debug|Any CPU.ActiveCfg = Debug|Any CPU
		{B7E8643A-FEE6-4C07-BCD2-FC61276F6546}.Debug|Any CPU.Build.0 = Debug|Any CPU
		{B7E8643A-FEE6-4C07-BCD2-FC61276F6546}.Release|Any CPU.ActiveCfg = Release|Any CPU
		{B7E8643A-FEE6-4C07-BCD2-FC61276F6546}.Release|Any CPU.Build.0 = Release|Any CPU
		{9838FAD2-7C01-4BE4-AE4F-6F03810FB55F}.Debug|Any CPU.ActiveCfg = Debug|Any CPU
		{9838FAD2-7C01-4BE4-AE4F-6F03810FB55F}.Debug|Any CPU.Build.0 = Debug|Any CPU
		{9838FAD2-7C01-4BE4-AE4F-6F03810FB55F}.Release|Any CPU.ActiveCfg = Release|Any CPU
		{9838FAD2-7C01-4BE4-AE4F-6F03810FB55F}.Release|Any CPU.Build.0 = Release|Any CPU
		{B3E56175-DC68-407E-9576-C09E42C0C983}.Debug|Any CPU.ActiveCfg = Debug|Any CPU
		{B3E56175-DC68-407E-9576-C09E42C0C983}.Debug|Any CPU.Build.0 = Debug|Any CPU
		{B3E56175-DC68-407E-9576-C09E42C0C983}.Release|Any CPU.ActiveCfg = Release|Any CPU
		{B3E56175-DC68-407E-9576-C09E42C0C983}.Release|Any CPU.Build.0 = Release|Any CPU
	EndGlobalSection
	GlobalSection(SolutionProperties) = preSolution
		HideSolutionNode = FALSE
	EndGlobalSection
	GlobalSection(ExtensibilityGlobals) = postSolution
		SolutionGuid = {370D9037-BAA8-48F3-8B16-C81986410ADE}
	EndGlobalSection
EndGlobal
